
Microsoft Visual Studio Solution File, Format Version 12.00
# Visual Studio Version 16
VisualStudioVersion = 16.0.30114.105
MinimumVisualStudioVersion = 10.0.40219.1
Project("{FAE04EC0-301F-11D3-BF4B-00C04F79EFBC}") = "Lab2", "Lab2\Lab2.csproj", "{322707E5-C15E-43A1-BC0F-F773B84989D3}"
EndProject
Global
	GlobalSection(SolutionConfigurationPlatforms) = preSolution
		Debug|Any CPU = Debug|Any CPU
		Release|Any CPU = Release|Any CPU
	EndGlobalSection
	GlobalSection(ProjectConfigurationPlatforms) = postSolution
		{322707E5-C15E-43A1-BC0F-F773B84989D3}.Debug|Any CPU.ActiveCfg = Debug|Any CPU
		{322707E5-C15E-43A1-BC0F-F773B84989D3}.Debug|Any CPU.Build.0 = Debug|Any CPU
		{322707E5-C15E-43A1-BC0F-F773B84989D3}.Release|Any CPU.ActiveCfg = Release|Any CPU
		{322707E5-C15E-43A1-BC0F-F773B84989D3}.Release|Any CPU.Build.0 = Release|Any CPU
	EndGlobalSection
	GlobalSection(SolutionProperties) = preSolution
		HideSolutionNode = FALSE
	EndGlobalSection
	GlobalSection(ExtensibilityGlobals) = postSolution
		SolutionGuid = {A07EB03A-268B-4BDC-81BE-13ACB08A0011}
	EndGlobalSection
EndGlobal
